// !$*UTF8*$!
{
	archiveVersion = 1;
	classes = {
	};
	objectVersion = 50;
	objects = {

/* Begin PBXBuildFile section */
		EA66DAA4250C1D67004FCDAA /* PostingViewController.swift in Sources */ = {isa = PBXBuildFile; fileRef = EA66DAA3250C1D67004FCDAA /* PostingViewController.swift */; };
		EA66DAA8250C20D5004FCDAA /* StorageManager.swift in Sources */ = {isa = PBXBuildFile; fileRef = EA66DAA7250C20D5004FCDAA /* StorageManager.swift */; };
		EA66DAB0250C25C3004FCDAA /* NewsfeedTableViewController.swift in Sources */ = {isa = PBXBuildFile; fileRef = EA66DAAF250C25C3004FCDAA /* NewsfeedTableViewController.swift */; };
		EA66DAB6250C27E7004FCDAA /* DonationDataModel.xcdatamodeld in Sources */ = {isa = PBXBuildFile; fileRef = EA66DAB4250C27E7004FCDAA /* DonationDataModel.xcdatamodeld */; };
		EA66DABD250C2A39004FCDAA /* DonationCell.swift in Sources */ = {isa = PBXBuildFile; fileRef = EA66DABC250C2A39004FCDAA /* DonationCell.swift */; };
		EA66DABF250C2BE3004FCDAA /* UIViewController+.swift in Sources */ = {isa = PBXBuildFile; fileRef = EA66DABE250C2BE3004FCDAA /* UIViewController+.swift */; };
		EA66DAC3250C38B9004FCDAA /* Notification.Name+.swift in Sources */ = {isa = PBXBuildFile; fileRef = EA66DAC2250C38B9004FCDAA /* Notification.Name+.swift */; };
		EA66DAC6250C4793004FCDAA /* Donation+CoreDataClass.swift in Sources */ = {isa = PBXBuildFile; fileRef = EA66DAC4250C4793004FCDAA /* Donation+CoreDataClass.swift */; };
		EA66DAC7250C4793004FCDAA /* Donation+CoreDataProperties.swift in Sources */ = {isa = PBXBuildFile; fileRef = EA66DAC5250C4793004FCDAA /* Donation+CoreDataProperties.swift */; };
		EA685AF1250B7DF7008DDC65 /* AppDelegate.swift in Sources */ = {isa = PBXBuildFile; fileRef = EA685AF0250B7DF7008DDC65 /* AppDelegate.swift */; };
		EA685AF3250B7DF7008DDC65 /* SceneDelegate.swift in Sources */ = {isa = PBXBuildFile; fileRef = EA685AF2250B7DF7008DDC65 /* SceneDelegate.swift */; };
		EA685AF5250B7DF7008DDC65 /* ChooseDonationViewController.swift in Sources */ = {isa = PBXBuildFile; fileRef = EA685AF4250B7DF7008DDC65 /* ChooseDonationViewController.swift */; };
		EA685AF8250B7DF7008DDC65 /* Main.storyboard in Resources */ = {isa = PBXBuildFile; fileRef = EA685AF6250B7DF7008DDC65 /* Main.storyboard */; };
		EA685AFA250B7DF9008DDC65 /* Assets.xcassets in Resources */ = {isa = PBXBuildFile; fileRef = EA685AF9250B7DF9008DDC65 /* Assets.xcassets */; };
		EA685AFD250B7DF9008DDC65 /* LaunchScreen.storyboard in Resources */ = {isa = PBXBuildFile; fileRef = EA685AFB250B7DF9008DDC65 /* LaunchScreen.storyboard */; };
		EA685B05250BAFE7008DDC65 /* NewDonationTableViewController.swift in Sources */ = {isa = PBXBuildFile; fileRef = EA685B04250BAFE7008DDC65 /* NewDonationTableViewController.swift */; };
		EA685B0C250BBC13008DDC65 /* Constants.swift in Sources */ = {isa = PBXBuildFile; fileRef = EA685B0B250BBC13008DDC65 /* Constants.swift */; };
		EA9DC7D8250BD80100B43C97 /* AdditionalTableViewController.swift in Sources */ = {isa = PBXBuildFile; fileRef = EA9DC7D7250BD80100B43C97 /* AdditionalTableViewController.swift */; };
/* End PBXBuildFile section */

/* Begin PBXFileReference section */
		EA66DAA3250C1D67004FCDAA /* PostingViewController.swift */ = {isa = PBXFileReference; lastKnownFileType = sourcecode.swift; path = PostingViewController.swift; sourceTree = "<group>"; };
		EA66DAA7250C20D5004FCDAA /* StorageManager.swift */ = {isa = PBXFileReference; lastKnownFileType = sourcecode.swift; path = StorageManager.swift; sourceTree = "<group>"; };
		EA66DAAF250C25C3004FCDAA /* NewsfeedTableViewController.swift */ = {isa = PBXFileReference; lastKnownFileType = sourcecode.swift; path = NewsfeedTableViewController.swift; sourceTree = "<group>"; };
		EA66DAB5250C27E7004FCDAA /* Donation.xcdatamodel */ = {isa = PBXFileReference; lastKnownFileType = wrapper.xcdatamodel; path = Donation.xcdatamodel; sourceTree = "<group>"; };
		EA66DABC250C2A39004FCDAA /* DonationCell.swift */ = {isa = PBXFileReference; lastKnownFileType = sourcecode.swift; path = DonationCell.swift; sourceTree = "<group>"; };
		EA66DABE250C2BE3004FCDAA /* UIViewController+.swift */ = {isa = PBXFileReference; lastKnownFileType = sourcecode.swift; path = "UIViewController+.swift"; sourceTree = "<group>"; };
		EA66DAC2250C38B9004FCDAA /* Notification.Name+.swift */ = {isa = PBXFileReference; lastKnownFileType = sourcecode.swift; path = "Notification.Name+.swift"; sourceTree = "<group>"; };
		EA66DAC4250C4793004FCDAA /* Donation+CoreDataClass.swift */ = {isa = PBXFileReference; lastKnownFileType = sourcecode.swift; path = "Donation+CoreDataClass.swift"; sourceTree = "<group>"; };
		EA66DAC5250C4793004FCDAA /* Donation+CoreDataProperties.swift */ = {isa = PBXFileReference; lastKnownFileType = sourcecode.swift; path = "Donation+CoreDataProperties.swift"; sourceTree = "<group>"; };
		EA685AED250B7DF7008DDC65 /* VK Donations (Vezdekod).app */ = {isa = PBXFileReference; explicitFileType = wrapper.application; includeInIndex = 0; path = "VK Donations (Vezdekod).app"; sourceTree = BUILT_PRODUCTS_DIR; };
		EA685AF0250B7DF7008DDC65 /* AppDelegate.swift */ = {isa = PBXFileReference; lastKnownFileType = sourcecode.swift; path = AppDelegate.swift; sourceTree = "<group>"; };
		EA685AF2250B7DF7008DDC65 /* SceneDelegate.swift */ = {isa = PBXFileReference; lastKnownFileType = sourcecode.swift; path = SceneDelegate.swift; sourceTree = "<group>"; };
		EA685AF4250B7DF7008DDC65 /* ChooseDonationViewController.swift */ = {isa = PBXFileReference; lastKnownFileType = sourcecode.swift; path = ChooseDonationViewController.swift; sourceTree = "<group>"; };
		EA685AF7250B7DF7008DDC65 /* Base */ = {isa = PBXFileReference; lastKnownFileType = file.storyboard; name = Base; path = Base.lproj/Main.storyboard; sourceTree = "<group>"; };
		EA685AF9250B7DF9008DDC65 /* Assets.xcassets */ = {isa = PBXFileReference; lastKnownFileType = folder.assetcatalog; path = Assets.xcassets; sourceTree = "<group>"; };
		EA685AFC250B7DF9008DDC65 /* Base */ = {isa = PBXFileReference; lastKnownFileType = file.storyboard; name = Base; path = Base.lproj/LaunchScreen.storyboard; sourceTree = "<group>"; };
		EA685AFE250B7DF9008DDC65 /* Info.plist */ = {isa = PBXFileReference; lastKnownFileType = text.plist.xml; path = Info.plist; sourceTree = "<group>"; };
		EA685B04250BAFE7008DDC65 /* NewDonationTableViewController.swift */ = {isa = PBXFileReference; lastKnownFileType = sourcecode.swift; path = NewDonationTableViewController.swift; sourceTree = "<group>"; };
		EA685B0B250BBC13008DDC65 /* Constants.swift */ = {isa = PBXFileReference; lastKnownFileType = sourcecode.swift; path = Constants.swift; sourceTree = "<group>"; };
		EA9DC7D7250BD80100B43C97 /* AdditionalTableViewController.swift */ = {isa = PBXFileReference; lastKnownFileType = sourcecode.swift; path = AdditionalTableViewController.swift; sourceTree = "<group>"; };
/* End PBXFileReference section */

/* Begin PBXFrameworksBuildPhase section */
		EA685AEA250B7DF7008DDC65 /* Frameworks */ = {
			isa = PBXFrameworksBuildPhase;
			buildActionMask = 2147483647;
			files = (
			);
			runOnlyForDeploymentPostprocessing = 0;
		};
/* End PBXFrameworksBuildPhase section */

/* Begin PBXGroup section */
		EA66DAAB250C2161004FCDAA /* Models */ = {
			isa = PBXGroup;
			children = (
				EA66DABB250C2880004FCDAA /* Entities */,
				EA66DAB4250C27E7004FCDAA /* DonationDataModel.xcdatamodeld */,
			);
			path = Models;
			sourceTree = "<group>";
		};
		EA66DAAC250C2172004FCDAA /* Managers */ = {
			isa = PBXGroup;
			children = (
				EA66DAA7250C20D5004FCDAA /* StorageManager.swift */,
			);
			path = Managers;
			sourceTree = "<group>";
		};
		EA66DABB250C2880004FCDAA /* Entities */ = {
			isa = PBXGroup;
			children = (
				EA66DAC4250C4793004FCDAA /* Donation+CoreDataClass.swift */,
				EA66DAC5250C4793004FCDAA /* Donation+CoreDataProperties.swift */,
			);
			path = Entities;
			sourceTree = "<group>";
		};
		EA66DAC0250C2C33004FCDAA /* Extensions */ = {
			isa = PBXGroup;
			children = (
				EA66DABE250C2BE3004FCDAA /* UIViewController+.swift */,
				EA66DAC2250C38B9004FCDAA /* Notification.Name+.swift */,
			);
			path = Extensions;
			sourceTree = "<group>";
		};
		EA66DAC1250C35DF004FCDAA /* Cells */ = {
			isa = PBXGroup;
			children = (
				EA66DABC250C2A39004FCDAA /* DonationCell.swift */,
			);
			path = Cells;
			sourceTree = "<group>";
		};
		EA685AE4250B7DF7008DDC65 = {
			isa = PBXGroup;
			children = (
				EA685AEF250B7DF7008DDC65 /* VK Donations (Vezdekod) */,
				EA685AEE250B7DF7008DDC65 /* Products */,
			);
			sourceTree = "<group>";
		};
		EA685AEE250B7DF7008DDC65 /* Products */ = {
			isa = PBXGroup;
			children = (
				EA685AED250B7DF7008DDC65 /* VK Donations (Vezdekod).app */,
			);
			name = Products;
			sourceTree = "<group>";
		};
		EA685AEF250B7DF7008DDC65 /* VK Donations (Vezdekod) */ = {
			isa = PBXGroup;
			children = (
				EA66DAAB250C2161004FCDAA /* Models */,
				EA685B06250BBB79008DDC65 /* Views */,
				EA685B09250BBBB3008DDC65 /* Controllers */,
				EA66DAAC250C2172004FCDAA /* Managers */,
				EA66DAC0250C2C33004FCDAA /* Extensions */,
				EA685B07250BBB83008DDC65 /* Resources */,
				EA685B08250BBBAA008DDC65 /* Application */,
				EA685B0A250BBBC0008DDC65 /* Configuration */,
			);
			path = "VK Donations (Vezdekod)";
			sourceTree = "<group>";
		};
		EA685B06250BBB79008DDC65 /* Views */ = {
			isa = PBXGroup;
			children = (
				EA66DAC1250C35DF004FCDAA /* Cells */,
				EA685AF6250B7DF7008DDC65 /* Main.storyboard */,
			);
			path = Views;
			sourceTree = "<group>";
		};
		EA685B07250BBB83008DDC65 /* Resources */ = {
			isa = PBXGroup;
			children = (
				EA685B0B250BBC13008DDC65 /* Constants.swift */,
				EA685AF9250B7DF9008DDC65 /* Assets.xcassets */,
				EA685AFB250B7DF9008DDC65 /* LaunchScreen.storyboard */,
			);
			path = Resources;
			sourceTree = "<group>";
		};
		EA685B08250BBBAA008DDC65 /* Application */ = {
			isa = PBXGroup;
			children = (
				EA685AF0250B7DF7008DDC65 /* AppDelegate.swift */,
				EA685AF2250B7DF7008DDC65 /* SceneDelegate.swift */,
			);
			path = Application;
			sourceTree = "<group>";
		};
		EA685B09250BBBB3008DDC65 /* Controllers */ = {
			isa = PBXGroup;
			children = (
				EA685AF4250B7DF7008DDC65 /* ChooseDonationViewController.swift */,
				EA685B04250BAFE7008DDC65 /* NewDonationTableViewController.swift */,
				EA9DC7D7250BD80100B43C97 /* AdditionalTableViewController.swift */,
				EA66DAA3250C1D67004FCDAA /* PostingViewController.swift */,
				EA66DAAF250C25C3004FCDAA /* NewsfeedTableViewController.swift */,
			);
			path = Controllers;
			sourceTree = "<group>";
		};
		EA685B0A250BBBC0008DDC65 /* Configuration */ = {
			isa = PBXGroup;
			children = (
				EA685AFE250B7DF9008DDC65 /* Info.plist */,
			);
			path = Configuration;
			sourceTree = "<group>";
		};
/* End PBXGroup section */

/* Begin PBXNativeTarget section */
		EA685AEC250B7DF7008DDC65 /* VK Donations (Vezdekod) */ = {
			isa = PBXNativeTarget;
			buildConfigurationList = EA685B01250B7DF9008DDC65 /* Build configuration list for PBXNativeTarget "VK Donations (Vezdekod)" */;
			buildPhases = (
				EA685AE9250B7DF7008DDC65 /* Sources */,
				EA685AEA250B7DF7008DDC65 /* Frameworks */,
				EA685AEB250B7DF7008DDC65 /* Resources */,
			);
			buildRules = (
			);
			dependencies = (
			);
			name = "VK Donations (Vezdekod)";
			productName = "VK Donations (Vezdekod)";
			productReference = EA685AED250B7DF7008DDC65 /* VK Donations (Vezdekod).app */;
			productType = "com.apple.product-type.application";
		};
/* End PBXNativeTarget section */

/* Begin PBXProject section */
		EA685AE5250B7DF7008DDC65 /* Project object */ = {
			isa = PBXProject;
			attributes = {
				LastSwiftUpdateCheck = 1170;
				LastUpgradeCheck = 1170;
				ORGANIZATIONNAME = AlexislogS;
				TargetAttributes = {
					EA685AEC250B7DF7008DDC65 = {
						CreatedOnToolsVersion = 11.7;
					};
				};
			};
			buildConfigurationList = EA685AE8250B7DF7008DDC65 /* Build configuration list for PBXProject "VK Donations (Vezdekod)" */;
			compatibilityVersion = "Xcode 9.3";
			developmentRegion = en;
			hasScannedForEncodings = 0;
			knownRegions = (
				en,
				Base,
			);
			mainGroup = EA685AE4250B7DF7008DDC65;
			productRefGroup = EA685AEE250B7DF7008DDC65 /* Products */;
			projectDirPath = "";
			projectRoot = "";
			targets = (
				EA685AEC250B7DF7008DDC65 /* VK Donations (Vezdekod) */,
			);
		};
/* End PBXProject section */

/* Begin PBXResourcesBuildPhase section */
		EA685AEB250B7DF7008DDC65 /* Resources */ = {
			isa = PBXResourcesBuildPhase;
			buildActionMask = 2147483647;
			files = (
				EA685AFD250B7DF9008DDC65 /* LaunchScreen.storyboard in Resources */,
				EA685AFA250B7DF9008DDC65 /* Assets.xcassets in Resources */,
				EA685AF8250B7DF7008DDC65 /* Main.storyboard in Resources */,
			);
			runOnlyForDeploymentPostprocessing = 0;
		};
/* End PBXResourcesBuildPhase section */

/* Begin PBXSourcesBuildPhase section */
		EA685AE9250B7DF7008DDC65 /* Sources */ = {
			isa = PBXSourcesBuildPhase;
			buildActionMask = 2147483647;
			files = (
				EA9DC7D8250BD80100B43C97 /* AdditionalTableViewController.swift in Sources */,
				EA66DAC7250C4793004FCDAA /* Donation+CoreDataProperties.swift in Sources */,
				EA66DAC6250C4793004FCDAA /* Donation+CoreDataClass.swift in Sources */,
				EA66DABD250C2A39004FCDAA /* DonationCell.swift in Sources */,
				EA66DAB0250C25C3004FCDAA /* NewsfeedTableViewController.swift in Sources */,
				EA66DAA4250C1D67004FCDAA /* PostingViewController.swift in Sources */,
				EA685B0C250BBC13008DDC65 /* Constants.swift in Sources */,
				EA685B05250BAFE7008DDC65 /* NewDonationTableViewController.swift in Sources */,
				EA685AF5250B7DF7008DDC65 /* ChooseDonationViewController.swift in Sources */,
				EA685AF1250B7DF7008DDC65 /* AppDelegate.swift in Sources */,
				EA685AF3250B7DF7008DDC65 /* SceneDelegate.swift in Sources */,
				EA66DAB6250C27E7004FCDAA /* DonationDataModel.xcdatamodeld in Sources */,
				EA66DAA8250C20D5004FCDAA /* StorageManager.swift in Sources */,
				EA66DAC3250C38B9004FCDAA /* Notification.Name+.swift in Sources */,
				EA66DABF250C2BE3004FCDAA /* UIViewController+.swift in Sources */,
			);
			runOnlyForDeploymentPostprocessing = 0;
		};
/* End PBXSourcesBuildPhase section */

/* Begin PBXVariantGroup section */
		EA685AF6250B7DF7008DDC65 /* Main.storyboard */ = {
			isa = PBXVariantGroup;
			children = (
				EA685AF7250B7DF7008DDC65 /* Base */,
			);
			name = Main.storyboard;
			sourceTree = "<group>";
		};
		EA685AFB250B7DF9008DDC65 /* LaunchScreen.storyboard */ = {
			isa = PBXVariantGroup;
			children = (
				EA685AFC250B7DF9008DDC65 /* Base */,
			);
			name = LaunchScreen.storyboard;
			sourceTree = "<group>";
		};
/* End PBXVariantGroup section */

/* Begin XCBuildConfiguration section */
		EA685AFF250B7DF9008DDC65 /* Debug */ = {
			isa = XCBuildConfiguration;
			buildSettings = {
				ALWAYS_SEARCH_USER_PATHS = NO;
				CLANG_ANALYZER_NONNULL = YES;
				CLANG_ANALYZER_NUMBER_OBJECT_CONVERSION = YES_AGGRESSIVE;
				CLANG_CXX_LANGUAGE_STANDARD = "gnu++14";
				CLANG_CXX_LIBRARY = "libc++";
				CLANG_ENABLE_MODULES = YES;
				CLANG_ENABLE_OBJC_ARC = YES;
				CLANG_ENABLE_OBJC_WEAK = YES;
				CLANG_WARN_BLOCK_CAPTURE_AUTORELEASING = YES;
				CLANG_WARN_BOOL_CONVERSION = YES;
				CLANG_WARN_COMMA = YES;
				CLANG_WARN_CONSTANT_CONVERSION = YES;
				CLANG_WARN_DEPRECATED_OBJC_IMPLEMENTATIONS = YES;
				CLANG_WARN_DIRECT_OBJC_ISA_USAGE = YES_ERROR;
				CLANG_WARN_DOCUMENTATION_COMMENTS = YES;
				CLANG_WARN_EMPTY_BODY = YES;
				CLANG_WARN_ENUM_CONVERSION = YES;
				CLANG_WARN_INFINITE_RECURSION = YES;
				CLANG_WARN_INT_CONVERSION = YES;
				CLANG_WARN_NON_LITERAL_NULL_CONVERSION = YES;
				CLANG_WARN_OBJC_IMPLICIT_RETAIN_SELF = YES;
				CLANG_WARN_OBJC_LITERAL_CONVERSION = YES;
				CLANG_WARN_OBJC_ROOT_CLASS = YES_ERROR;
				CLANG_WARN_RANGE_LOOP_ANALYSIS = YES;
				CLANG_WARN_STRICT_PROTOTYPES = YES;
				CLANG_WARN_SUSPICIOUS_MOVE = YES;
				CLANG_WARN_UNGUARDED_AVAILABILITY = YES_AGGRESSIVE;
				CLANG_WARN_UNREACHABLE_CODE = YES;
				CLANG_WARN__DUPLICATE_METHOD_MATCH = YES;
				COPY_PHASE_STRIP = NO;
				DEBUG_INFORMATION_FORMAT = dwarf;
				ENABLE_STRICT_OBJC_MSGSEND = YES;
				ENABLE_TESTABILITY = YES;
				GCC_C_LANGUAGE_STANDARD = gnu11;
				GCC_DYNAMIC_NO_PIC = NO;
				GCC_NO_COMMON_BLOCKS = YES;
				GCC_OPTIMIZATION_LEVEL = 0;
				GCC_PREPROCESSOR_DEFINITIONS = (
					"DEBUG=1",
					"$(inherited)",
				);
				GCC_WARN_64_TO_32_BIT_CONVERSION = YES;
				GCC_WARN_ABOUT_RETURN_TYPE = YES_ERROR;
				GCC_WARN_UNDECLARED_SELECTOR = YES;
				GCC_WARN_UNINITIALIZED_AUTOS = YES_AGGRESSIVE;
				GCC_WARN_UNUSED_FUNCTION = YES;
				GCC_WARN_UNUSED_VARIABLE = YES;
				IPHONEOS_DEPLOYMENT_TARGET = 13.7;
				MTL_ENABLE_DEBUG_INFO = INCLUDE_SOURCE;
				MTL_FAST_MATH = YES;
				ONLY_ACTIVE_ARCH = YES;
				SDKROOT = iphoneos;
				SWIFT_ACTIVE_COMPILATION_CONDITIONS = DEBUG;
				SWIFT_OPTIMIZATION_LEVEL = "-Onone";
			};
			name = Debug;
		};
		EA685B00250B7DF9008DDC65 /* Release */ = {
			isa = XCBuildConfiguration;
			buildSettings = {
				ALWAYS_SEARCH_USER_PATHS = NO;
				CLANG_ANALYZER_NONNULL = YES;
				CLANG_ANALYZER_NUMBER_OBJECT_CONVERSION = YES_AGGRESSIVE;
				CLANG_CXX_LANGUAGE_STANDARD = "gnu++14";
				CLANG_CXX_LIBRARY = "libc++";
				CLANG_ENABLE_MODULES = YES;
				CLANG_ENABLE_OBJC_ARC = YES;
				CLANG_ENABLE_OBJC_WEAK = YES;
				CLANG_WARN_BLOCK_CAPTURE_AUTORELEASING = YES;
				CLANG_WARN_BOOL_CONVERSION = YES;
				CLANG_WARN_COMMA = YES;
				CLANG_WARN_CONSTANT_CONVERSION = YES;
				CLANG_WARN_DEPRECATED_OBJC_IMPLEMENTATIONS = YES;
				CLANG_WARN_DIRECT_OBJC_ISA_USAGE = YES_ERROR;
				CLANG_WARN_DOCUMENTATION_COMMENTS = YES;
				CLANG_WARN_EMPTY_BODY = YES;
				CLANG_WARN_ENUM_CONVERSION = YES;
				CLANG_WARN_INFINITE_RECURSION = YES;
				CLANG_WARN_INT_CONVERSION = YES;
				CLANG_WARN_NON_LITERAL_NULL_CONVERSION = YES;
				CLANG_WARN_OBJC_IMPLICIT_RETAIN_SELF = YES;
				CLANG_WARN_OBJC_LITERAL_CONVERSION = YES;
				CLANG_WARN_OBJC_ROOT_CLASS = YES_ERROR;
				CLANG_WARN_RANGE_LOOP_ANALYSIS = YES;
				CLANG_WARN_STRICT_PROTOTYPES = YES;
				CLANG_WARN_SUSPICIOUS_MOVE = YES;
				CLANG_WARN_UNGUARDED_AVAILABILITY = YES_AGGRESSIVE;
				CLANG_WARN_UNREACHABLE_CODE = YES;
				CLANG_WARN__DUPLICATE_METHOD_MATCH = YES;
				COPY_PHASE_STRIP = NO;
				DEBUG_INFORMATION_FORMAT = "dwarf-with-dsym";
				ENABLE_NS_ASSERTIONS = NO;
				ENABLE_STRICT_OBJC_MSGSEND = YES;
				GCC_C_LANGUAGE_STANDARD = gnu11;
				GCC_NO_COMMON_BLOCKS = YES;
				GCC_WARN_64_TO_32_BIT_CONVERSION = YES;
				GCC_WARN_ABOUT_RETURN_TYPE = YES_ERROR;
				GCC_WARN_UNDECLARED_SELECTOR = YES;
				GCC_WARN_UNINITIALIZED_AUTOS = YES_AGGRESSIVE;
				GCC_WARN_UNUSED_FUNCTION = YES;
				GCC_WARN_UNUSED_VARIABLE = YES;
				IPHONEOS_DEPLOYMENT_TARGET = 13.7;
				MTL_ENABLE_DEBUG_INFO = NO;
				MTL_FAST_MATH = YES;
				SDKROOT = iphoneos;
				SWIFT_COMPILATION_MODE = wholemodule;
				SWIFT_OPTIMIZATION_LEVEL = "-O";
				VALIDATE_PRODUCT = YES;
			};
			name = Release;
		};
		EA685B02250B7DF9008DDC65 /* Debug */ = {
			isa = XCBuildConfiguration;
			buildSettings = {
				ASSETCATALOG_COMPILER_APPICON_NAME = AppIcon;
				CODE_SIGN_STYLE = Automatic;
				DEVELOPMENT_TEAM = UG5F626PKK;
				INFOPLIST_FILE = "$(SRCROOT)/VK Donations (Vezdekod)/Configuration/Info.plist";
				LD_RUNPATH_SEARCH_PATHS = (
					"$(inherited)",
					"@executable_path/Frameworks",
				);
				PRODUCT_BUNDLE_IDENTIFIER = "AS.VK-Donations--Vezdekod-";
				PRODUCT_NAME = "$(TARGET_NAME)";
				SWIFT_VERSION = 5.0;
				TARGETED_DEVICE_FAMILY = "1,2";
			};
			name = Debug;
		};
		EA685B03250B7DF9008DDC65 /* Release */ = {
			isa = XCBuildConfiguration;
			buildSettings = {
				ASSETCATALOG_COMPILER_APPICON_NAME = AppIcon;
				CODE_SIGN_STYLE = Automatic;
				DEVELOPMENT_TEAM = UG5F626PKK;
				INFOPLIST_FILE = "$(SRCROOT)/VK Donations (Vezdekod)/Configuration/Info.plist";
				LD_RUNPATH_SEARCH_PATHS = (
					"$(inherited)",
					"@executable_path/Frameworks",
				);
				PRODUCT_BUNDLE_IDENTIFIER = "AS.VK-Donations--Vezdekod-";
				PRODUCT_NAME = "$(TARGET_NAME)";
				SWIFT_VERSION = 5.0;
				TARGETED_DEVICE_FAMILY = "1,2";
			};
			name = Release;
		};
/* End XCBuildConfiguration section */

/* Begin XCConfigurationList section */
		EA685AE8250B7DF7008DDC65 /* Build configuration list for PBXProject "VK Donations (Vezdekod)" */ = {
			isa = XCConfigurationList;
			buildConfigurations = (
				EA685AFF250B7DF9008DDC65 /* Debug */,
				EA685B00250B7DF9008DDC65 /* Release */,
			);
			defaultConfigurationIsVisible = 0;
			defaultConfigurationName = Release;
		};
		EA685B01250B7DF9008DDC65 /* Build configuration list for PBXNativeTarget "VK Donations (Vezdekod)" */ = {
			isa = XCConfigurationList;
			buildConfigurations = (
				EA685B02250B7DF9008DDC65 /* Debug */,
				EA685B03250B7DF9008DDC65 /* Release */,
			);
			defaultConfigurationIsVisible = 0;
			defaultConfigurationName = Release;
		};
/* End XCConfigurationList section */

/* Begin XCVersionGroup section */
		EA66DAB4250C27E7004FCDAA /* DonationDataModel.xcdatamodeld */ = {
			isa = XCVersionGroup;
			children = (
				EA66DAB5250C27E7004FCDAA /* Donation.xcdatamodel */,
			);
			currentVersion = EA66DAB5250C27E7004FCDAA /* Donation.xcdatamodel */;
			path = DonationDataModel.xcdatamodeld;
			sourceTree = "<group>";
			versionGroupType = wrapper.xcdatamodel;
		};
/* End XCVersionGroup section */
	};
	rootObject = EA685AE5250B7DF7008DDC65 /* Project object */;
}
